
Microsoft Visual Studio Solution File, Format Version 12.00
# Visual Studio Version 16
VisualStudioVersion = 16.0.29509.3
MinimumVisualStudioVersion = 10.0.40219.1
Project("{9A19103F-16F7-4668-BE54-9A1E7A4F7556}") = "TwitchAPI", "TwitchAPI\TwitchAPI.csproj", "{ABA7C942-EC05-4ECB-9503-E7843E928DB2}"
EndProject
Project("{9A19103F-16F7-4668-BE54-9A1E7A4F7556}") = "Test", "Test\Test.csproj", "{EC5BDA7A-0308-46F3-BD8D-1EE37640FB5A}"
EndProject
Global
	GlobalSection(SolutionConfigurationPlatforms) = preSolution
		Debug|Any CPU = Debug|Any CPU
		Release|Any CPU = Release|Any CPU
	EndGlobalSection
	GlobalSection(ProjectConfigurationPlatforms) = postSolution
		{ABA7C942-EC05-4ECB-9503-E7843E928DB2}.Debug|Any CPU.ActiveCfg = Debug|Any CPU
		{ABA7C942-EC05-4ECB-9503-E7843E928DB2}.Debug|Any CPU.Build.0 = Debug|Any CPU
		{ABA7C942-EC05-4ECB-9503-E7843E928DB2}.Release|Any CPU.ActiveCfg = Release|Any CPU
		{ABA7C942-EC05-4ECB-9503-E7843E928DB2}.Release|Any CPU.Build.0 = Release|Any CPU
		{EC5BDA7A-0308-46F3-BD8D-1EE37640FB5A}.Debug|Any CPU.ActiveCfg = Debug|Any CPU
		{EC5BDA7A-0308-46F3-BD8D-1EE37640FB5A}.Debug|Any CPU.Build.0 = Debug|Any CPU
		{EC5BDA7A-0308-46F3-BD8D-1EE37640FB5A}.Release|Any CPU.ActiveCfg = Release|Any CPU
		{EC5BDA7A-0308-46F3-BD8D-1EE37640FB5A}.Release|Any CPU.Build.0 = Release|Any CPU
	EndGlobalSection
	GlobalSection(SolutionProperties) = preSolution
		HideSolutionNode = FALSE
	EndGlobalSection
	GlobalSection(ExtensibilityGlobals) = postSolution
		SolutionGuid = {8908FAF7-CD6F-4587-B9CC-7B8A8A2965D9}
	EndGlobalSection
EndGlobal
